// !$*UTF8*$!
{
	archiveVersion = 1;
	classes = {
	};
	objectVersion = 46;
	objects = {

/* Begin PBXBuildFile section */
		1AB281408F4DADCFD220CB78 /* Pods_Instagram.framework in Frameworks */ = {isa = PBXBuildFile; fileRef = B8B95855DD7DE189637D65A8 /* Pods_Instagram.framework */; };
		607AA6E31C64616200FF050C /* AppDelegate.swift in Sources */ = {isa = PBXBuildFile; fileRef = 607AA6E21C64616200FF050C /* AppDelegate.swift */; };
		607AA6E51C64616200FF050C /* ViewController.swift in Sources */ = {isa = PBXBuildFile; fileRef = 607AA6E41C64616200FF050C /* ViewController.swift */; };
		607AA6E81C64616200FF050C /* Main.storyboard in Resources */ = {isa = PBXBuildFile; fileRef = 607AA6E61C64616200FF050C /* Main.storyboard */; };
		607AA6EA1C64616200FF050C /* Assets.xcassets in Resources */ = {isa = PBXBuildFile; fileRef = 607AA6E91C64616200FF050C /* Assets.xcassets */; };
		607AA6ED1C64616200FF050C /* LaunchScreen.storyboard in Resources */ = {isa = PBXBuildFile; fileRef = 607AA6EB1C64616200FF050C /* LaunchScreen.storyboard */; };
		607AA6F71C64627400FF050C /* PhotosViewController.swift in Sources */ = {isa = PBXBuildFile; fileRef = 607AA6F61C64627400FF050C /* PhotosViewController.swift */; };
		607AA6FA1C646BD600FF050C /* PhotoCell.swift in Sources */ = {isa = PBXBuildFile; fileRef = 607AA6F91C646BD600FF050C /* PhotoCell.swift */; };
/* End PBXBuildFile section */

/* Begin PBXFileReference section */
		1A69E62E450972D6DB8C2801 /* Pods-Instagram.release.xcconfig */ = {isa = PBXFileReference; includeInIndex = 1; lastKnownFileType = text.xcconfig; name = "Pods-Instagram.release.xcconfig"; path = "Pods/Target Support Files/Pods-Instagram/Pods-Instagram.release.xcconfig"; sourceTree = "<group>"; };
		2B594AB3072BEEEEDD5FF156 /* Pods-Instagram.debug.xcconfig */ = {isa = PBXFileReference; includeInIndex = 1; lastKnownFileType = text.xcconfig; name = "Pods-Instagram.debug.xcconfig"; path = "Pods/Target Support Files/Pods-Instagram/Pods-Instagram.debug.xcconfig"; sourceTree = "<group>"; };
		607AA6DF1C64616200FF050C /* Instagram.app */ = {isa = PBXFileReference; explicitFileType = wrapper.application; includeInIndex = 0; path = Instagram.app; sourceTree = BUILT_PRODUCTS_DIR; };
		607AA6E21C64616200FF050C /* AppDelegate.swift */ = {isa = PBXFileReference; lastKnownFileType = sourcecode.swift; path = AppDelegate.swift; sourceTree = "<group>"; };
		607AA6E41C64616200FF050C /* ViewController.swift */ = {isa = PBXFileReference; lastKnownFileType = sourcecode.swift; path = ViewController.swift; sourceTree = "<group>"; };
		607AA6E71C64616200FF050C /* Base */ = {isa = PBXFileReference; lastKnownFileType = file.storyboard; name = Base; path = Base.lproj/Main.storyboard; sourceTree = "<group>"; };
		607AA6E91C64616200FF050C /* Assets.xcassets */ = {isa = PBXFileReference; lastKnownFileType = folder.assetcatalog; path = Assets.xcassets; sourceTree = "<group>"; };
		607AA6EC1C64616200FF050C /* Base */ = {isa = PBXFileReference; lastKnownFileType = file.storyboard; name = Base; path = Base.lproj/LaunchScreen.storyboard; sourceTree = "<group>"; };
		607AA6EE1C64616200FF050C /* Info.plist */ = {isa = PBXFileReference; lastKnownFileType = text.plist.xml; path = Info.plist; sourceTree = "<group>"; };
		607AA6F61C64627400FF050C /* PhotosViewController.swift */ = {isa = PBXFileReference; fileEncoding = 4; lastKnownFileType = sourcecode.swift; path = PhotosViewController.swift; sourceTree = "<group>"; };
		607AA6F91C646BD600FF050C /* PhotoCell.swift */ = {isa = PBXFileReference; fileEncoding = 4; lastKnownFileType = sourcecode.swift; path = PhotoCell.swift; sourceTree = "<group>"; };
		B8B95855DD7DE189637D65A8 /* Pods_Instagram.framework */ = {isa = PBXFileReference; explicitFileType = wrapper.framework; includeInIndex = 0; path = Pods_Instagram.framework; sourceTree = BUILT_PRODUCTS_DIR; };
/* End PBXFileReference section */

/* Begin PBXFrameworksBuildPhase section */
		607AA6DC1C64616200FF050C /* Frameworks */ = {
			isa = PBXFrameworksBuildPhase;
			buildActionMask = 2147483647;
			files = (
				1AB281408F4DADCFD220CB78 /* Pods_Instagram.framework in Frameworks */,
			);
			runOnlyForDeploymentPostprocessing = 0;
		};
/* End PBXFrameworksBuildPhase section */

/* Begin PBXGroup section */
		51EBDD27187885B0973D495F /* Frameworks */ = {
			isa = PBXGroup;
			children = (
				B8B95855DD7DE189637D65A8 /* Pods_Instagram.framework */,
			);
			name = Frameworks;
			sourceTree = "<group>";
		};
		5BF34CB7B7F8946F18A08E30 /* Pods */ = {
			isa = PBXGroup;
			children = (
				2B594AB3072BEEEEDD5FF156 /* Pods-Instagram.debug.xcconfig */,
				1A69E62E450972D6DB8C2801 /* Pods-Instagram.release.xcconfig */,
			);
			name = Pods;
			sourceTree = "<group>";
		};
		607AA6D61C64616200FF050C = {
			isa = PBXGroup;
			children = (
				607AA6E11C64616200FF050C /* Instagram */,
				607AA6E01C64616200FF050C /* Products */,
				5BF34CB7B7F8946F18A08E30 /* Pods */,
				51EBDD27187885B0973D495F /* Frameworks */,
			);
			sourceTree = "<group>";
		};
		607AA6E01C64616200FF050C /* Products */ = {
			isa = PBXGroup;
			children = (
				607AA6DF1C64616200FF050C /* Instagram.app */,
			);
			name = Products;
			sourceTree = "<group>";
		};
		607AA6E11C64616200FF050C /* Instagram */ = {
			isa = PBXGroup;
			children = (
				607AA6FB1C646BE300FF050C /* view controllers */,
				607AA6F81C646BB200FF050C /* Views */,
				607AA6E21C64616200FF050C /* AppDelegate.swift */,
				607AA6E41C64616200FF050C /* ViewController.swift */,
				607AA6E61C64616200FF050C /* Main.storyboard */,
				607AA6E91C64616200FF050C /* Assets.xcassets */,
				607AA6EB1C64616200FF050C /* LaunchScreen.storyboard */,
				607AA6EE1C64616200FF050C /* Info.plist */,
			);
			path = Instagram;
			sourceTree = "<group>";
		};
		607AA6F81C646BB200FF050C /* Views */ = {
			isa = PBXGroup;
			children = (
				607AA6F91C646BD600FF050C /* PhotoCell.swift */,
			);
			name = Views;
			sourceTree = "<group>";
		};
		607AA6FB1C646BE300FF050C /* view controllers */ = {
			isa = PBXGroup;
			children = (
				607AA6F61C64627400FF050C /* PhotosViewController.swift */,
			);
			name = "view controllers";
			sourceTree = "<group>";
		};
/* End PBXGroup section */

/* Begin PBXNativeTarget section */
		607AA6DE1C64616200FF050C /* Instagram */ = {
			isa = PBXNativeTarget;
			buildConfigurationList = 607AA6F11C64616200FF050C /* Build configuration list for PBXNativeTarget "Instagram" */;
			buildPhases = (
				110024995980FD216DF4C3B1 /* Check Pods Manifest.lock */,
				607AA6DB1C64616200FF050C /* Sources */,
				607AA6DC1C64616200FF050C /* Frameworks */,
				607AA6DD1C64616200FF050C /* Resources */,
				DB6086B62FCBEB0346AD6277 /* Embed Pods Frameworks */,
				86F4BF7262E50A4D5FD2BA24 /* Copy Pods Resources */,
			);
			buildRules = (
			);
			dependencies = (
			);
			name = Instagram;
			productName = Instagram;
			productReference = 607AA6DF1C64616200FF050C /* Instagram.app */;
			productType = "com.apple.product-type.application";
		};
/* End PBXNativeTarget section */

/* Begin PBXProject section */
		607AA6D71C64616200FF050C /* Project object */ = {
			isa = PBXProject;
			attributes = {
				LastSwiftUpdateCheck = 0720;
				LastUpgradeCheck = 0720;
				ORGANIZATIONNAME = "William Gao";
				TargetAttributes = {
					607AA6DE1C64616200FF050C = {
						CreatedOnToolsVersion = 7.2;
					};
				};
			};
			buildConfigurationList = 607AA6DA1C64616200FF050C /* Build configuration list for PBXProject "Instagram" */;
			compatibilityVersion = "Xcode 3.2";
			developmentRegion = English;
			hasScannedForEncodings = 0;
			knownRegions = (
				en,
				Base,
			);
			mainGroup = 607AA6D61C64616200FF050C;
			productRefGroup = 607AA6E01C64616200FF050C /* Products */;
			projectDirPath = "";
			projectRoot = "";
			targets = (
				607AA6DE1C64616200FF050C /* Instagram */,
			);
		};
/* End PBXProject section */

/* Begin PBXResourcesBuildPhase section */
		607AA6DD1C64616200FF050C /* Resources */ = {
			isa = PBXResourcesBuildPhase;
			buildActionMask = 2147483647;
			files = (
				607AA6ED1C64616200FF050C /* LaunchScreen.storyboard in Resources */,
				607AA6EA1C64616200FF050C /* Assets.xcassets in Resources */,
				607AA6E81C64616200FF050C /* Main.storyboard in Resources */,
			);
			runOnlyForDeploymentPostprocessing = 0;
		};
/* End PBXResourcesBuildPhase section */

/* Begin PBXShellScriptBuildPhase section */
		110024995980FD216DF4C3B1 /* Check Pods Manifest.lock */ = {
			isa = PBXShellScriptBuildPhase;
			buildActionMask = 2147483647;
			files = (
			);
			inputPaths = (
			);
			name = "Check Pods Manifest.lock";
			outputPaths = (
			);
			runOnlyForDeploymentPostprocessing = 0;
			shellPath = /bin/sh;
			shellScript = "diff \"${PODS_ROOT}/../Podfile.lock\" \"${PODS_ROOT}/Manifest.lock\" > /dev/null\nif [[ $? != 0 ]] ; then\n    cat << EOM\nerror: The sandbox is not in sync with the Podfile.lock. Run 'pod install' or update your CocoaPods installation.\nEOM\n    exit 1\nfi\n";
			showEnvVarsInLog = 0;
		};
		86F4BF7262E50A4D5FD2BA24 /* Copy Pods Resources */ = {
			isa = PBXShellScriptBuildPhase;
			buildActionMask = 2147483647;
			files = (
			);
			inputPaths = (
			);
			name = "Copy Pods Resources";
			outputPaths = (
			);
			runOnlyForDeploymentPostprocessing = 0;
			shellPath = /bin/sh;
			shellScript = "\"${SRCROOT}/Pods/Target Support Files/Pods-Instagram/Pods-Instagram-resources.sh\"\n";
			showEnvVarsInLog = 0;
		};
		DB6086B62FCBEB0346AD6277 /* Embed Pods Frameworks */ = {
			isa = PBXShellScriptBuildPhase;
			buildActionMask = 2147483647;
			files = (
			);
			inputPaths = (
			);
			name = "Embed Pods Frameworks";
			outputPaths = (
			);
			runOnlyForDeploymentPostprocessing = 0;
			shellPath = /bin/sh;
			shellScript = "\"${SRCROOT}/Pods/Target Support Files/Pods-Instagram/Pods-Instagram-frameworks.sh\"\n";
			showEnvVarsInLog = 0;
		};
/* End PBXShellScriptBuildPhase section */

/* Begin PBXSourcesBuildPhase section */
		607AA6DB1C64616200FF050C /* Sources */ = {
			isa = PBXSourcesBuildPhase;
			buildActionMask = 2147483647;
			files = (
				607AA6FA1C646BD600FF050C /* PhotoCell.swift in Sources */,
				607AA6F71C64627400FF050C /* PhotosViewController.swift in Sources */,
				607AA6E51C64616200FF050C /* ViewController.swift in Sources */,
				607AA6E31C64616200FF050C /* AppDelegate.swift in Sources */,
			);
			runOnlyForDeploymentPostprocessing = 0;
		};
/* End PBXSourcesBuildPhase section */

/* Begin PBXVariantGroup section */
		607AA6E61C64616200FF050C /* Main.storyboard */ = {
			isa = PBXVariantGroup;
			children = (
				607AA6E71C64616200FF050C /* Base */,
			);
			name = Main.storyboard;
			sourceTree = "<group>";
		};
		607AA6EB1C64616200FF050C /* LaunchScreen.storyboard */ = {
			isa = PBXVariantGroup;
			children = (
				607AA6EC1C64616200FF050C /* Base */,
			);
			name = LaunchScreen.storyboard;
			sourceTree = "<group>";
		};
/* End PBXVariantGroup section */

/* Begin XCBuildConfiguration section */
		607AA6EF1C64616200FF050C /* Debug */ = {
			isa = XCBuildConfiguration;
			buildSettings = {
				ALWAYS_SEARCH_USER_PATHS = NO;
				CLANG_CXX_LANGUAGE_STANDARD = "gnu++0x";
				CLANG_CXX_LIBRARY = "libc++";
				CLANG_ENABLE_MODULES = YES;
				CLANG_ENABLE_OBJC_ARC = YES;
				CLANG_WARN_BOOL_CONVERSION = YES;
				CLANG_WARN_CONSTANT_CONVERSION = YES;
				CLANG_WARN_DIRECT_OBJC_ISA_USAGE = YES_ERROR;
				CLANG_WARN_EMPTY_BODY = YES;
				CLANG_WARN_ENUM_CONVERSION = YES;
				CLANG_WARN_INT_CONVERSION = YES;
				CLANG_WARN_OBJC_ROOT_CLASS = YES_ERROR;
				CLANG_WARN_UNREACHABLE_CODE = YES;
				CLANG_WARN__DUPLICATE_METHOD_MATCH = YES;
				"CODE_SIGN_IDENTITY[sdk=iphoneos*]" = "iPhone Developer";
				COPY_PHASE_STRIP = NO;
				DEBUG_INFORMATION_FORMAT = dwarf;
				ENABLE_STRICT_OBJC_MSGSEND = YES;
				ENABLE_TESTABILITY = YES;
				GCC_C_LANGUAGE_STANDARD = gnu99;
				GCC_DYNAMIC_NO_PIC = NO;
				GCC_NO_COMMON_BLOCKS = YES;
				GCC_OPTIMIZATION_LEVEL = 0;
				GCC_PREPROCESSOR_DEFINITIONS = (
					"DEBUG=1",
					"$(inherited)",
				);
				GCC_WARN_64_TO_32_BIT_CONVERSION = YES;
				GCC_WARN_ABOUT_RETURN_TYPE = YES_ERROR;
				GCC_WARN_UNDECLARED_SELECTOR = YES;
				GCC_WARN_UNINITIALIZED_AUTOS = YES_AGGRESSIVE;
				GCC_WARN_UNUSED_FUNCTION = YES;
				GCC_WARN_UNUSED_VARIABLE = YES;
				IPHONEOS_DEPLOYMENT_TARGET = 9.2;
				MTL_ENABLE_DEBUG_INFO = YES;
				ONLY_ACTIVE_ARCH = YES;
				SDKROOT = iphoneos;
				SWIFT_OPTIMIZATION_LEVEL = "-Onone";
				TARGETED_DEVICE_FAMILY = "1,2";
			};
			name = Debug;
		};
		607AA6F01C64616200FF050C /* Release */ = {
			isa = XCBuildConfiguration;
			buildSettings = {
				ALWAYS_SEARCH_USER_PATHS = NO;
				CLANG_CXX_LANGUAGE_STANDARD = "gnu++0x";
				CLANG_CXX_LIBRARY = "libc++";
				CLANG_ENABLE_MODULES = YES;
				CLANG_ENABLE_OBJC_ARC = YES;
				CLANG_WARN_BOOL_CONVERSION = YES;
				CLANG_WARN_CONSTANT_CONVERSION = YES;
				CLANG_WARN_DIRECT_OBJC_ISA_USAGE = YES_ERROR;
				CLANG_WARN_EMPTY_BODY = YES;
				CLANG_WARN_ENUM_CONVERSION = YES;
				CLANG_WARN_INT_CONVERSION = YES;
				CLANG_WARN_OBJC_ROOT_CLASS = YES_ERROR;
				CLANG_WARN_UNREACHABLE_CODE = YES;
				CLANG_WARN__DUPLICATE_METHOD_MATCH = YES;
				"CODE_SIGN_IDENTITY[sdk=iphoneos*]" = "iPhone Developer";
				COPY_PHASE_STRIP = NO;
				DEBUG_INFORMATION_FORMAT = "dwarf-with-dsym";
				ENABLE_NS_ASSERTIONS = NO;
				ENABLE_STRICT_OBJC_MSGSEND = YES;
				GCC_C_LANGUAGE_STANDARD = gnu99;
				GCC_NO_COMMON_BLOCKS = YES;
				GCC_WARN_64_TO_32_BIT_CONVERSION = YES;
				GCC_WARN_ABOUT_RETURN_TYPE = YES_ERROR;
				GCC_WARN_UNDECLARED_SELECTOR = YES;
				GCC_WARN_UNINITIALIZED_AUTOS = YES_AGGRESSIVE;
				GCC_WARN_UNUSED_FUNCTION = YES;
				GCC_WARN_UNUSED_VARIABLE = YES;
				IPHONEOS_DEPLOYMENT_TARGET = 9.2;
				MTL_ENABLE_DEBUG_INFO = NO;
				SDKROOT = iphoneos;
				TARGETED_DEVICE_FAMILY = "1,2";
				VALIDATE_PRODUCT = YES;
			};
			name = Release;
		};
		607AA6F21C64616200FF050C /* Debug */ = {
			isa = XCBuildConfiguration;
			baseConfigurationReference = 2B594AB3072BEEEEDD5FF156 /* Pods-Instagram.debug.xcconfig */;
			buildSettings = {
				ASSETCATALOG_COMPILER_APPICON_NAME = AppIcon;
				INFOPLIST_FILE = Instagram/Info.plist;
				LD_RUNPATH_SEARCH_PATHS = "$(inherited) @executable_path/Frameworks";
				PRODUCT_BUNDLE_IDENTIFIER = CodePath.com.Instagram;
				PRODUCT_NAME = "$(TARGET_NAME)";
			};
			name = Debug;
		};
		607AA6F31C64616200FF050C /* Release */ = {
			isa = XCBuildConfiguration;
			baseConfigurationReference = 1A69E62E450972D6DB8C2801 /* Pods-Instagram.release.xcconfig */;
			buildSettings = {
				ASSETCATALOG_COMPILER_APPICON_NAME = AppIcon;
				INFOPLIST_FILE = Instagram/Info.plist;
				LD_RUNPATH_SEARCH_PATHS = "$(inherited) @executable_path/Frameworks";
				PRODUCT_BUNDLE_IDENTIFIER = CodePath.com.Instagram;
				PRODUCT_NAME = "$(TARGET_NAME)";
			};
			name = Release;
		};
/* End XCBuildConfiguration section */

/* Begin XCConfigurationList section */
		607AA6DA1C64616200FF050C /* Build configuration list for PBXProject "Instagram" */ = {
			isa = XCConfigurationList;
			buildConfigurations = (
				607AA6EF1C64616200FF050C /* Debug */,
				607AA6F01C64616200FF050C /* Release */,
			);
			defaultConfigurationIsVisible = 0;
			defaultConfigurationName = Release;
		};
		607AA6F11C64616200FF050C /* Build configuration list for PBXNativeTarget "Instagram" */ = {
			isa = XCConfigurationList;
			buildConfigurations = (
				607AA6F21C64616200FF050C /* Debug */,
				607AA6F31C64616200FF050C /* Release */,
			);
			defaultConfigurationIsVisible = 0;
			defaultConfigurationName = Release;
		};
/* End XCConfigurationList section */
	};
	rootObject = 607AA6D71C64616200FF050C /* Project object */;
}
